
Microsoft Visual Studio Solution File, Format Version 11.00
# Visual Studio 2010
Project("{FAE04EC0-301F-11D3-BF4B-00C04F79EFBC}") = "ESAtestsApp", "ESAtestsApp\ESAtestsApp.csproj", "{22AF0C33-BFBF-4356-8D01-F89524FE7668}"
EndProject
Project("{FAE04EC0-301F-11D3-BF4B-00C04F79EFBC}") = "Domain", "Domain\Domain.csproj", "{C7C511F9-5273-4B79-A135-B8BF95E27571}"
EndProject
Project("{F088123C-0E9E-452A-89E6-6BA2F21D5CAC}") = "ProjetDiag", "ProjetDiag\ProjetDiag.modelproj", "{DDB4CA10-1AA0-4BB1-8709-C8BEA8576E21}"
EndProject
Global
	GlobalSection(SolutionConfigurationPlatforms) = preSolution
		Debug|Any CPU = Debug|Any CPU
		Debug|Mixed Platforms = Debug|Mixed Platforms
		Debug|x86 = Debug|x86
		Release|Any CPU = Release|Any CPU
		Release|Mixed Platforms = Release|Mixed Platforms
		Release|x86 = Release|x86
	EndGlobalSection
	GlobalSection(ProjectConfigurationPlatforms) = postSolution
		{22AF0C33-BFBF-4356-8D01-F89524FE7668}.Debug|Any CPU.ActiveCfg = Debug|x86
		{22AF0C33-BFBF-4356-8D01-F89524FE7668}.Debug|Mixed Platforms.ActiveCfg = Debug|x86
		{22AF0C33-BFBF-4356-8D01-F89524FE7668}.Debug|Mixed Platforms.Build.0 = Debug|x86
		{22AF0C33-BFBF-4356-8D01-F89524FE7668}.Debug|x86.ActiveCfg = Debug|x86
		{22AF0C33-BFBF-4356-8D01-F89524FE7668}.Debug|x86.Build.0 = Debug|x86
		{22AF0C33-BFBF-4356-8D01-F89524FE7668}.Release|Any CPU.ActiveCfg = Release|x86
		{22AF0C33-BFBF-4356-8D01-F89524FE7668}.Release|Mixed Platforms.ActiveCfg = Release|x86
		{22AF0C33-BFBF-4356-8D01-F89524FE7668}.Release|Mixed Platforms.Build.0 = Release|x86
		{22AF0C33-BFBF-4356-8D01-F89524FE7668}.Release|x86.ActiveCfg = Release|x86
		{22AF0C33-BFBF-4356-8D01-F89524FE7668}.Release|x86.Build.0 = Release|x86
		{C7C511F9-5273-4B79-A135-B8BF95E27571}.Debug|Any CPU.ActiveCfg = Debug|Any CPU
		{C7C511F9-5273-4B79-A135-B8BF95E27571}.Debug|Any CPU.Build.0 = Debug|Any CPU
		{C7C511F9-5273-4B79-A135-B8BF95E27571}.Debug|Mixed Platforms.ActiveCfg = Debug|Any CPU
		{C7C511F9-5273-4B79-A135-B8BF95E27571}.Debug|Mixed Platforms.Build.0 = Debug|Any CPU
		{C7C511F9-5273-4B79-A135-B8BF95E27571}.Debug|x86.ActiveCfg = Debug|Any CPU
		{C7C511F9-5273-4B79-A135-B8BF95E27571}.Release|Any CPU.ActiveCfg = Release|Any CPU
		{C7C511F9-5273-4B79-A135-B8BF95E27571}.Release|Any CPU.Build.0 = Release|Any CPU
		{C7C511F9-5273-4B79-A135-B8BF95E27571}.Release|Mixed Platforms.ActiveCfg = Release|Any CPU
		{C7C511F9-5273-4B79-A135-B8BF95E27571}.Release|Mixed Platforms.Build.0 = Release|Any CPU
		{C7C511F9-5273-4B79-A135-B8BF95E27571}.Release|x86.ActiveCfg = Release|Any CPU
		{DDB4CA10-1AA0-4BB1-8709-C8BEA8576E21}.Debug|Any CPU.ActiveCfg = Debug|Any CPU
		{DDB4CA10-1AA0-4BB1-8709-C8BEA8576E21}.Debug|Any CPU.Build.0 = Debug|Any CPU
		{DDB4CA10-1AA0-4BB1-8709-C8BEA8576E21}.Debug|Mixed Platforms.ActiveCfg = Debug|Any CPU
		{DDB4CA10-1AA0-4BB1-8709-C8BEA8576E21}.Debug|Mixed Platforms.Build.0 = Debug|Any CPU
		{DDB4CA10-1AA0-4BB1-8709-C8BEA8576E21}.Debug|x86.ActiveCfg = Debug|Any CPU
		{DDB4CA10-1AA0-4BB1-8709-C8BEA8576E21}.Release|Any CPU.ActiveCfg = Release|Any CPU
		{DDB4CA10-1AA0-4BB1-8709-C8BEA8576E21}.Release|Any CPU.Build.0 = Release|Any CPU
		{DDB4CA10-1AA0-4BB1-8709-C8BEA8576E21}.Release|Mixed Platforms.ActiveCfg = Release|Any CPU
		{DDB4CA10-1AA0-4BB1-8709-C8BEA8576E21}.Release|Mixed Platforms.Build.0 = Release|Any CPU
		{DDB4CA10-1AA0-4BB1-8709-C8BEA8576E21}.Release|x86.ActiveCfg = Release|Any CPU
	EndGlobalSection
	GlobalSection(SolutionProperties) = preSolution
		HideSolutionNode = FALSE
	EndGlobalSection
EndGlobal
